
Microsoft Visual Studio Solution File, Format Version 12.00
# Visual Studio 14
VisualStudioVersion = 14.0.25420.1
MinimumVisualStudioVersion = 10.0.40219.1
Project("{FAE04EC0-301F-11D3-BF4B-00C04F79EFBC}") = "NinjaDomain.Classes", "NinjaDomain.Classes\NinjaDomain.Classes.csproj", "{17625A8C-A12A-4BE1-9E75-07F92C510774}"
EndProject
Project("{FAE04EC0-301F-11D3-BF4B-00C04F79EFBC}") = "NinjaDomain.DataModel", "NinjaDomain.DataModel\NinjaDomain.DataModel.csproj", "{90BA6654-2E6F-40E1-8019-50A08AC8B20D}"
EndProject
Project("{FAE04EC0-301F-11D3-BF4B-00C04F79EFBC}") = "ConsoleApplication", "ConsoleApplication\ConsoleApplication.csproj", "{DF224CB1-1E25-42CB-AC22-6D2B928503CE}"
EndProject
Global
	GlobalSection(SolutionConfigurationPlatforms) = preSolution
		Debug|Any CPU = Debug|Any CPU
		Release|Any CPU = Release|Any CPU
	EndGlobalSection
	GlobalSection(ProjectConfigurationPlatforms) = postSolution
		{17625A8C-A12A-4BE1-9E75-07F92C510774}.Debug|Any CPU.ActiveCfg = Debug|Any CPU
		{17625A8C-A12A-4BE1-9E75-07F92C510774}.Debug|Any CPU.Build.0 = Debug|Any CPU
		{17625A8C-A12A-4BE1-9E75-07F92C510774}.Release|Any CPU.ActiveCfg = Release|Any CPU
		{17625A8C-A12A-4BE1-9E75-07F92C510774}.Release|Any CPU.Build.0 = Release|Any CPU
		{90BA6654-2E6F-40E1-8019-50A08AC8B20D}.Debug|Any CPU.ActiveCfg = Debug|Any CPU
		{90BA6654-2E6F-40E1-8019-50A08AC8B20D}.Debug|Any CPU.Build.0 = Debug|Any CPU
		{90BA6654-2E6F-40E1-8019-50A08AC8B20D}.Release|Any CPU.ActiveCfg = Release|Any CPU
		{90BA6654-2E6F-40E1-8019-50A08AC8B20D}.Release|Any CPU.Build.0 = Release|Any CPU
		{DF224CB1-1E25-42CB-AC22-6D2B928503CE}.Debug|Any CPU.ActiveCfg = Debug|Any CPU
		{DF224CB1-1E25-42CB-AC22-6D2B928503CE}.Debug|Any CPU.Build.0 = Debug|Any CPU
		{DF224CB1-1E25-42CB-AC22-6D2B928503CE}.Release|Any CPU.ActiveCfg = Release|Any CPU
		{DF224CB1-1E25-42CB-AC22-6D2B928503CE}.Release|Any CPU.Build.0 = Release|Any CPU
	EndGlobalSection
	GlobalSection(SolutionProperties) = preSolution
		HideSolutionNode = FALSE
	EndGlobalSection
	GlobalSection(TeamFoundationVersionControl) = preSolution
		SccNumberOfProjects = 4
		SccEnterpriseProvider = {4CA58AB2-18FA-4F8D-95D4-32DDF27D184C}
		SccTeamFoundationServer = https://lucadangelo.visualstudio.com/
		SccLocalPath0 = .
		SccProjectUniqueName1 = ConsoleApplication\\ConsoleApplication.csproj
		SccProjectName1 = ConsoleApplication
		SccLocalPath1 = ConsoleApplication
		SccProjectUniqueName2 = NinjaDomain.Classes\\NinjaDomain.Classes.csproj
		SccProjectName2 = NinjaDomain.Classes
		SccLocalPath2 = NinjaDomain.Classes
		SccProjectUniqueName3 = NinjaDomain.DataModel\\NinjaDomain.DataModel.csproj
		SccProjectName3 = NinjaDomain.DataModel
		SccLocalPath3 = NinjaDomain.DataModel
	EndGlobalSection
EndGlobal
